// !$*UTF8*$!
{
	archiveVersion = 1;
	classes = {
	};
	objectVersion = 46;
	objects = {

/* Begin PBXBuildFile section */
		844BEB9E1E94D95A00F443DB /* AppDelegate.swift in Sources */ = {isa = PBXBuildFile; fileRef = 844BEB9D1E94D95A00F443DB /* AppDelegate.swift */; };
		844BEBA01E94D95A00F443DB /* ViewController.swift in Sources */ = {isa = PBXBuildFile; fileRef = 844BEB9F1E94D95A00F443DB /* ViewController.swift */; };
		844BEBA31E94D95A00F443DB /* Main.storyboard in Resources */ = {isa = PBXBuildFile; fileRef = 844BEBA11E94D95A00F443DB /* Main.storyboard */; };
		844BEBA51E94D95A00F443DB /* Assets.xcassets in Resources */ = {isa = PBXBuildFile; fileRef = 844BEBA41E94D95A00F443DB /* Assets.xcassets */; };
		844BEBA81E94D95A00F443DB /* LaunchScreen.storyboard in Resources */ = {isa = PBXBuildFile; fileRef = 844BEBA61E94D95A00F443DB /* LaunchScreen.storyboard */; };
		844BEBB31E94D95A00F443DB /* PlanFiveTests.swift in Sources */ = {isa = PBXBuildFile; fileRef = 844BEBB21E94D95A00F443DB /* PlanFiveTests.swift */; };
		845474681E96354E00C768F1 /* ExtensionUIView.swift in Sources */ = {isa = PBXBuildFile; fileRef = 845474671E96354E00C768F1 /* ExtensionUIView.swift */; };
/* End PBXBuildFile section */

/* Begin PBXContainerItemProxy section */
		844BEBAF1E94D95A00F443DB /* PBXContainerItemProxy */ = {
			isa = PBXContainerItemProxy;
			containerPortal = 844BEB921E94D95A00F443DB /* Project object */;
			proxyType = 1;
			remoteGlobalIDString = 844BEB991E94D95A00F443DB;
			remoteInfo = PlanFive;
		};
/* End PBXContainerItemProxy section */

/* Begin PBXFileReference section */
		844BEB9A1E94D95A00F443DB /* PlanFive.app */ = {isa = PBXFileReference; explicitFileType = wrapper.application; includeInIndex = 0; path = PlanFive.app; sourceTree = BUILT_PRODUCTS_DIR; };
		844BEB9D1E94D95A00F443DB /* AppDelegate.swift */ = {isa = PBXFileReference; lastKnownFileType = sourcecode.swift; path = AppDelegate.swift; sourceTree = "<group>"; };
		844BEB9F1E94D95A00F443DB /* ViewController.swift */ = {isa = PBXFileReference; lastKnownFileType = sourcecode.swift; path = ViewController.swift; sourceTree = "<group>"; };
		844BEBA21E94D95A00F443DB /* Base */ = {isa = PBXFileReference; lastKnownFileType = file.storyboard; name = Base; path = Base.lproj/Main.storyboard; sourceTree = "<group>"; };
		844BEBA41E94D95A00F443DB /* Assets.xcassets */ = {isa = PBXFileReference; lastKnownFileType = folder.assetcatalog; path = Assets.xcassets; sourceTree = "<group>"; };
		844BEBA71E94D95A00F443DB /* Base */ = {isa = PBXFileReference; lastKnownFileType = file.storyboard; name = Base; path = Base.lproj/LaunchScreen.storyboard; sourceTree = "<group>"; };
		844BEBA91E94D95A00F443DB /* Info.plist */ = {isa = PBXFileReference; lastKnownFileType = text.plist.xml; path = Info.plist; sourceTree = "<group>"; };
		844BEBAE1E94D95A00F443DB /* PlanFiveTests.xctest */ = {isa = PBXFileReference; explicitFileType = wrapper.cfbundle; includeInIndex = 0; path = PlanFiveTests.xctest; sourceTree = BUILT_PRODUCTS_DIR; };
		844BEBB21E94D95A00F443DB /* PlanFiveTests.swift */ = {isa = PBXFileReference; lastKnownFileType = sourcecode.swift; path = PlanFiveTests.swift; sourceTree = "<group>"; };
		844BEBB41E94D95A00F443DB /* Info.plist */ = {isa = PBXFileReference; lastKnownFileType = text.plist.xml; path = Info.plist; sourceTree = "<group>"; };
		845474671E96354E00C768F1 /* ExtensionUIView.swift */ = {isa = PBXFileReference; fileEncoding = 4; lastKnownFileType = sourcecode.swift; path = ExtensionUIView.swift; sourceTree = "<group>"; };
/* End PBXFileReference section */

/* Begin PBXFrameworksBuildPhase section */
		844BEB971E94D95A00F443DB /* Frameworks */ = {
			isa = PBXFrameworksBuildPhase;
			buildActionMask = 2147483647;
			files = (
			);
			runOnlyForDeploymentPostprocessing = 0;
		};
		844BEBAB1E94D95A00F443DB /* Frameworks */ = {
			isa = PBXFrameworksBuildPhase;
			buildActionMask = 2147483647;
			files = (
			);
			runOnlyForDeploymentPostprocessing = 0;
		};
/* End PBXFrameworksBuildPhase section */

/* Begin PBXGroup section */
		844BEB911E94D95A00F443DB = {
			isa = PBXGroup;
			children = (
				844BEB9C1E94D95A00F443DB /* PlanFive */,
				844BEBB11E94D95A00F443DB /* PlanFiveTests */,
				844BEB9B1E94D95A00F443DB /* Products */,
			);
			sourceTree = "<group>";
		};
		844BEB9B1E94D95A00F443DB /* Products */ = {
			isa = PBXGroup;
			children = (
				844BEB9A1E94D95A00F443DB /* PlanFive.app */,
				844BEBAE1E94D95A00F443DB /* PlanFiveTests.xctest */,
			);
			name = Products;
			sourceTree = "<group>";
		};
		844BEB9C1E94D95A00F443DB /* PlanFive */ = {
			isa = PBXGroup;
			children = (
				845474621E962BD100C768F1 /* ExtensionClass */,
				844BEB9D1E94D95A00F443DB /* AppDelegate.swift */,
				844BEB9F1E94D95A00F443DB /* ViewController.swift */,
				844BEBA11E94D95A00F443DB /* Main.storyboard */,
				844BEBA41E94D95A00F443DB /* Assets.xcassets */,
				844BEBA61E94D95A00F443DB /* LaunchScreen.storyboard */,
				844BEBA91E94D95A00F443DB /* Info.plist */,
			);
			path = PlanFive;
			sourceTree = "<group>";
		};
		844BEBB11E94D95A00F443DB /* PlanFiveTests */ = {
			isa = PBXGroup;
			children = (
				844BEBB21E94D95A00F443DB /* PlanFiveTests.swift */,
				844BEBB41E94D95A00F443DB /* Info.plist */,
			);
			path = PlanFiveTests;
			sourceTree = "<group>";
		};
		845474621E962BD100C768F1 /* ExtensionClass */ = {
			isa = PBXGroup;
			children = (
				845474671E96354E00C768F1 /* ExtensionUIView.swift */,
			);
			name = ExtensionClass;
			sourceTree = "<group>";
		};
/* End PBXGroup section */

/* Begin PBXNativeTarget section */
		844BEB991E94D95A00F443DB /* PlanFive */ = {
			isa = PBXNativeTarget;
			buildConfigurationList = 844BEBB71E94D95A00F443DB /* Build configuration list for PBXNativeTarget "PlanFive" */;
			buildPhases = (
				844BEB961E94D95A00F443DB /* Sources */,
				844BEB971E94D95A00F443DB /* Frameworks */,
				844BEB981E94D95A00F443DB /* Resources */,
			);
			buildRules = (
			);
			dependencies = (
			);
			name = PlanFive;
			productName = PlanFive;
			productReference = 844BEB9A1E94D95A00F443DB /* PlanFive.app */;
			productType = "com.apple.product-type.application";
		};
		844BEBAD1E94D95A00F443DB /* PlanFiveTests */ = {
			isa = PBXNativeTarget;
			buildConfigurationList = 844BEBBA1E94D95A00F443DB /* Build configuration list for PBXNativeTarget "PlanFiveTests" */;
			buildPhases = (
				844BEBAA1E94D95A00F443DB /* Sources */,
				844BEBAB1E94D95A00F443DB /* Frameworks */,
				844BEBAC1E94D95A00F443DB /* Resources */,
			);
			buildRules = (
			);
			dependencies = (
				844BEBB01E94D95A00F443DB /* PBXTargetDependency */,
			);
			name = PlanFiveTests;
			productName = PlanFiveTests;
			productReference = 844BEBAE1E94D95A00F443DB /* PlanFiveTests.xctest */;
			productType = "com.apple.product-type.bundle.unit-test";
		};
/* End PBXNativeTarget section */

/* Begin PBXProject section */
		844BEB921E94D95A00F443DB /* Project object */ = {
			isa = PBXProject;
			attributes = {
				LastSwiftUpdateCheck = 0820;
				LastUpgradeCheck = 0820;
				ORGANIZATIONNAME = Zoujie;
				TargetAttributes = {
					844BEB991E94D95A00F443DB = {
						CreatedOnToolsVersion = 8.2.1;
						DevelopmentTeam = SF5VKU74NM;
						ProvisioningStyle = Automatic;
					};
					844BEBAD1E94D95A00F443DB = {
						CreatedOnToolsVersion = 8.2.1;
						DevelopmentTeam = SF5VKU74NM;
						ProvisioningStyle = Automatic;
						TestTargetID = 844BEB991E94D95A00F443DB;
					};
				};
			};
			buildConfigurationList = 844BEB951E94D95A00F443DB /* Build configuration list for PBXProject "PlanFive" */;
			compatibilityVersion = "Xcode 3.2";
			developmentRegion = English;
			hasScannedForEncodings = 0;
			knownRegions = (
				en,
				Base,
			);
			mainGroup = 844BEB911E94D95A00F443DB;
			productRefGroup = 844BEB9B1E94D95A00F443DB /* Products */;
			projectDirPath = "";
			projectRoot = "";
			targets = (
				844BEB991E94D95A00F443DB /* PlanFive */,
				844BEBAD1E94D95A00F443DB /* PlanFiveTests */,
			);
		};
/* End PBXProject section */

/* Begin PBXResourcesBuildPhase section */
		844BEB981E94D95A00F443DB /* Resources */ = {
			isa = PBXResourcesBuildPhase;
			buildActionMask = 2147483647;
			files = (
				844BEBA81E94D95A00F443DB /* LaunchScreen.storyboard in Resources */,
				844BEBA51E94D95A00F443DB /* Assets.xcassets in Resources */,
				844BEBA31E94D95A00F443DB /* Main.storyboard in Resources */,
			);
			runOnlyForDeploymentPostprocessing = 0;
		};
		844BEBAC1E94D95A00F443DB /* Resources */ = {
			isa = PBXResourcesBuildPhase;
			buildActionMask = 2147483647;
			files = (
			);
			runOnlyForDeploymentPostprocessing = 0;
		};
/* End PBXResourcesBuildPhase section */

/* Begin PBXSourcesBuildPhase section */
		844BEB961E94D95A00F443DB /* Sources */ = {
			isa = PBXSourcesBuildPhase;
			buildActionMask = 2147483647;
			files = (
				845474681E96354E00C768F1 /* ExtensionUIView.swift in Sources */,
				844BEBA01E94D95A00F443DB /* ViewController.swift in Sources */,
				844BEB9E1E94D95A00F443DB /* AppDelegate.swift in Sources */,
			);
			runOnlyForDeploymentPostprocessing = 0;
		};
		844BEBAA1E94D95A00F443DB /* Sources */ = {
			isa = PBXSourcesBuildPhase;
			buildActionMask = 2147483647;
			files = (
				844BEBB31E94D95A00F443DB /* PlanFiveTests.swift in Sources */,
			);
			runOnlyForDeploymentPostprocessing = 0;
		};
/* End PBXSourcesBuildPhase section */

/* Begin PBXTargetDependency section */
		844BEBB01E94D95A00F443DB /* PBXTargetDependency */ = {
			isa = PBXTargetDependency;
			target = 844BEB991E94D95A00F443DB /* PlanFive */;
			targetProxy = 844BEBAF1E94D95A00F443DB /* PBXContainerItemProxy */;
		};
/* End PBXTargetDependency section */

/* Begin PBXVariantGroup section */
		844BEBA11E94D95A00F443DB /* Main.storyboard */ = {
			isa = PBXVariantGroup;
			children = (
				844BEBA21E94D95A00F443DB /* Base */,
			);
			name = Main.storyboard;
			sourceTree = "<group>";
		};
		844BEBA61E94D95A00F443DB /* LaunchScreen.storyboard */ = {
			isa = PBXVariantGroup;
			children = (
				844BEBA71E94D95A00F443DB /* Base */,
			);
			name = LaunchScreen.storyboard;
			sourceTree = "<group>";
		};
/* End PBXVariantGroup section */

/* Begin XCBuildConfiguration section */
		844BEBB51E94D95A00F443DB /* Debug */ = {
			isa = XCBuildConfiguration;
			buildSettings = {
				ALWAYS_SEARCH_USER_PATHS = NO;
				CLANG_ANALYZER_NONNULL = YES;
				CLANG_CXX_LANGUAGE_STANDARD = "gnu++0x";
				CLANG_CXX_LIBRARY = "libc++";
				CLANG_ENABLE_MODULES = YES;
				CLANG_ENABLE_OBJC_ARC = YES;
				CLANG_WARN_BOOL_CONVERSION = YES;
				CLANG_WARN_CONSTANT_CONVERSION = YES;
				CLANG_WARN_DIRECT_OBJC_ISA_USAGE = YES_ERROR;
				CLANG_WARN_DOCUMENTATION_COMMENTS = YES;
				CLANG_WARN_EMPTY_BODY = YES;
				CLANG_WARN_ENUM_CONVERSION = YES;
				CLANG_WARN_INFINITE_RECURSION = YES;
				CLANG_WARN_INT_CONVERSION = YES;
				CLANG_WARN_OBJC_ROOT_CLASS = YES_ERROR;
				CLANG_WARN_SUSPICIOUS_MOVE = YES;
				CLANG_WARN_UNREACHABLE_CODE = YES;
				CLANG_WARN__DUPLICATE_METHOD_MATCH = YES;
				"CODE_SIGN_IDENTITY[sdk=iphoneos*]" = "iPhone Developer";
				COPY_PHASE_STRIP = NO;
				DEBUG_INFORMATION_FORMAT = dwarf;
				ENABLE_STRICT_OBJC_MSGSEND = YES;
				ENABLE_TESTABILITY = YES;
				GCC_C_LANGUAGE_STANDARD = gnu99;
				GCC_DYNAMIC_NO_PIC = NO;
				GCC_NO_COMMON_BLOCKS = YES;
				GCC_OPTIMIZATION_LEVEL = 0;
				GCC_PREPROCESSOR_DEFINITIONS = (
					"DEBUG=1",
					"$(inherited)",
				);
				GCC_WARN_64_TO_32_BIT_CONVERSION = YES;
				GCC_WARN_ABOUT_RETURN_TYPE = YES_ERROR;
				GCC_WARN_UNDECLARED_SELECTOR = YES;
				GCC_WARN_UNINITIALIZED_AUTOS = YES_AGGRESSIVE;
				GCC_WARN_UNUSED_FUNCTION = YES;
				GCC_WARN_UNUSED_VARIABLE = YES;
				IPHONEOS_DEPLOYMENT_TARGET = 10.2;
				MTL_ENABLE_DEBUG_INFO = YES;
				ONLY_ACTIVE_ARCH = YES;
				SDKROOT = iphoneos;
				SWIFT_ACTIVE_COMPILATION_CONDITIONS = DEBUG;
				SWIFT_OPTIMIZATION_LEVEL = "-Onone";
			};
			name = Debug;
		};
		844BEBB61E94D95A00F443DB /* Release */ = {
			isa = XCBuildConfiguration;
			buildSettings = {
				ALWAYS_SEARCH_USER_PATHS = NO;
				CLANG_ANALYZER_NONNULL = YES;
				CLANG_CXX_LANGUAGE_STANDARD = "gnu++0x";
				CLANG_CXX_LIBRARY = "libc++";
				CLANG_ENABLE_MODULES = YES;
				CLANG_ENABLE_OBJC_ARC = YES;
				CLANG_WARN_BOOL_CONVERSION = YES;
				CLANG_WARN_CONSTANT_CONVERSION = YES;
				CLANG_WARN_DIRECT_OBJC_ISA_USAGE = YES_ERROR;
				CLANG_WARN_DOCUMENTATION_COMMENTS = YES;
				CLANG_WARN_EMPTY_BODY = YES;
				CLANG_WARN_ENUM_CONVERSION = YES;
				CLANG_WARN_INFINITE_RECURSION = YES;
				CLANG_WARN_INT_CONVERSION = YES;
				CLANG_WARN_OBJC_ROOT_CLASS = YES_ERROR;
				CLANG_WARN_SUSPICIOUS_MOVE = YES;
				CLANG_WARN_UNREACHABLE_CODE = YES;
				CLANG_WARN__DUPLICATE_METHOD_MATCH = YES;
				"CODE_SIGN_IDENTITY[sdk=iphoneos*]" = "iPhone Developer";
				COPY_PHASE_STRIP = NO;
				DEBUG_INFORMATION_FORMAT = "dwarf-with-dsym";
				ENABLE_NS_ASSERTIONS = NO;
				ENABLE_STRICT_OBJC_MSGSEND = YES;
				GCC_C_LANGUAGE_STANDARD = gnu99;
				GCC_NO_COMMON_BLOCKS = YES;
				GCC_WARN_64_TO_32_BIT_CONVERSION = YES;
				GCC_WARN_ABOUT_RETURN_TYPE = YES_ERROR;
				GCC_WARN_UNDECLARED_SELECTOR = YES;
				GCC_WARN_UNINITIALIZED_AUTOS = YES_AGGRESSIVE;
				GCC_WARN_UNUSED_FUNCTION = YES;
				GCC_WARN_UNUSED_VARIABLE = YES;
				IPHONEOS_DEPLOYMENT_TARGET = 10.2;
				MTL_ENABLE_DEBUG_INFO = NO;
				SDKROOT = iphoneos;
				SWIFT_OPTIMIZATION_LEVEL = "-Owholemodule";
				VALIDATE_PRODUCT = YES;
			};
			name = Release;
		};
		844BEBB81E94D95A00F443DB /* Debug */ = {
			isa = XCBuildConfiguration;
			buildSettings = {
				ASSETCATALOG_COMPILER_APPICON_NAME = AppIcon;
				DEVELOPMENT_TEAM = SF5VKU74NM;
				INFOPLIST_FILE = PlanFive/Info.plist;
				LD_RUNPATH_SEARCH_PATHS = "$(inherited) @executable_path/Frameworks";
				PRODUCT_BUNDLE_IDENTIFIER = ZJ.PlanFive;
				PRODUCT_NAME = "$(TARGET_NAME)";
				SWIFT_VERSION = 3.0;
			};
			name = Debug;
		};
		844BEBB91E94D95A00F443DB /* Release */ = {
			isa = XCBuildConfiguration;
			buildSettings = {
				ASSETCATALOG_COMPILER_APPICON_NAME = AppIcon;
				DEVELOPMENT_TEAM = SF5VKU74NM;
				INFOPLIST_FILE = PlanFive/Info.plist;
				LD_RUNPATH_SEARCH_PATHS = "$(inherited) @executable_path/Frameworks";
				PRODUCT_BUNDLE_IDENTIFIER = ZJ.PlanFive;
				PRODUCT_NAME = "$(TARGET_NAME)";
				SWIFT_VERSION = 3.0;
			};
			name = Release;
		};
		844BEBBB1E94D95A00F443DB /* Debug */ = {
			isa = XCBuildConfiguration;
			buildSettings = {
				ALWAYS_EMBED_SWIFT_STANDARD_LIBRARIES = YES;
				BUNDLE_LOADER = "$(TEST_HOST)";
				DEVELOPMENT_TEAM = SF5VKU74NM;
				INFOPLIST_FILE = PlanFiveTests/Info.plist;
				LD_RUNPATH_SEARCH_PATHS = "$(inherited) @executable_path/Frameworks @loader_path/Frameworks";
				PRODUCT_BUNDLE_IDENTIFIER = ZJ.PlanFiveTests;
				PRODUCT_NAME = "$(TARGET_NAME)";
				SWIFT_VERSION = 3.0;
				TEST_HOST = "$(BUILT_PRODUCTS_DIR)/PlanFive.app/PlanFive";
			};
			name = Debug;
		};
		844BEBBC1E94D95A00F443DB /* Release */ = {
			isa = XCBuildConfiguration;
			buildSettings = {
				ALWAYS_EMBED_SWIFT_STANDARD_LIBRARIES = YES;
				BUNDLE_LOADER = "$(TEST_HOST)";
				DEVELOPMENT_TEAM = SF5VKU74NM;
				INFOPLIST_FILE = PlanFiveTests/Info.plist;
				LD_RUNPATH_SEARCH_PATHS = "$(inherited) @executable_path/Frameworks @loader_path/Frameworks";
				PRODUCT_BUNDLE_IDENTIFIER = ZJ.PlanFiveTests;
				PRODUCT_NAME = "$(TARGET_NAME)";
				SWIFT_VERSION = 3.0;
				TEST_HOST = "$(BUILT_PRODUCTS_DIR)/PlanFive.app/PlanFive";
			};
			name = Release;
		};
/* End XCBuildConfiguration section */

/* Begin XCConfigurationList section */
		844BEB951E94D95A00F443DB /* Build configuration list for PBXProject "PlanFive" */ = {
			isa = XCConfigurationList;
			buildConfigurations = (
				844BEBB51E94D95A00F443DB /* Debug */,
				844BEBB61E94D95A00F443DB /* Release */,
			);
			defaultConfigurationIsVisible = 0;
			defaultConfigurationName = Release;
		};
		844BEBB71E94D95A00F443DB /* Build configuration list for PBXNativeTarget "PlanFive" */ = {
			isa = XCConfigurationList;
			buildConfigurations = (
				844BEBB81E94D95A00F443DB /* Debug */,
				844BEBB91E94D95A00F443DB /* Release */,
			);
			defaultConfigurationIsVisible = 0;
			defaultConfigurationName = Release;
		};
		844BEBBA1E94D95A00F443DB /* Build configuration list for PBXNativeTarget "PlanFiveTests" */ = {
			isa = XCConfigurationList;
			buildConfigurations = (
				844BEBBB1E94D95A00F443DB /* Debug */,
				844BEBBC1E94D95A00F443DB /* Release */,
			);
			defaultConfigurationIsVisible = 0;
			defaultConfigurationName = Release;
		};
/* End XCConfigurationList section */
	};
	rootObject = 844BEB921E94D95A00F443DB /* Project object */;
}
